
Microsoft Visual Studio Solution File, Format Version 12.00
# Visual Studio Version 16
VisualStudioVersion = 16.0.29806.167
MinimumVisualStudioVersion = 10.0.40219.1
Project("{8BC9CEB8-8B4A-11D0-8D11-00A0C91BC942}") = "LPLab14", "LPLab14.vcxproj", "{74840AD6-4B59-4895-89B4-A98DD7678786}"
EndProject
Project("{8BC9CEB8-8B4A-11D0-8D11-00A0C91BC942}") = "Asm", "..\Asm\Asm.vcxproj", "{68608129-A74A-481E-A168-41466AB19092}"
	ProjectSection(ProjectDependencies) = postProject
		{74840AD6-4B59-4895-89B4-A98DD7678786} = {74840AD6-4B59-4895-89B4-A98DD7678786}
	EndProjectSection
EndProject
Global
	GlobalSection(SolutionConfigurationPlatforms) = preSolution
		Debug|x64 = Debug|x64
		Debug|x86 = Debug|x86
		Release|x64 = Release|x64
		Release|x86 = Release|x86
	EndGlobalSection
	GlobalSection(ProjectConfigurationPlatforms) = postSolution
		{74840AD6-4B59-4895-89B4-A98DD7678786}.Debug|x64.ActiveCfg = Debug|x64
		{74840AD6-4B59-4895-89B4-A98DD7678786}.Debug|x64.Build.0 = Debug|x64
		{74840AD6-4B59-4895-89B4-A98DD7678786}.Debug|x86.ActiveCfg = Debug|Win32
		{74840AD6-4B59-4895-89B4-A98DD7678786}.Debug|x86.Build.0 = Debug|Win32
		{74840AD6-4B59-4895-89B4-A98DD7678786}.Release|x64.ActiveCfg = Release|x64
		{74840AD6-4B59-4895-89B4-A98DD7678786}.Release|x64.Build.0 = Release|x64
		{74840AD6-4B59-4895-89B4-A98DD7678786}.Release|x86.ActiveCfg = Release|Win32
		{74840AD6-4B59-4895-89B4-A98DD7678786}.Release|x86.Build.0 = Release|Win32
		{68608129-A74A-481E-A168-41466AB19092}.Debug|x64.ActiveCfg = Debug|x64
		{68608129-A74A-481E-A168-41466AB19092}.Debug|x64.Build.0 = Debug|x64
		{68608129-A74A-481E-A168-41466AB19092}.Debug|x86.ActiveCfg = Debug|Win32
		{68608129-A74A-481E-A168-41466AB19092}.Debug|x86.Build.0 = Debug|Win32
		{68608129-A74A-481E-A168-41466AB19092}.Release|x64.ActiveCfg = Release|x64
		{68608129-A74A-481E-A168-41466AB19092}.Release|x64.Build.0 = Release|x64
		{68608129-A74A-481E-A168-41466AB19092}.Release|x86.ActiveCfg = Release|Win32
		{68608129-A74A-481E-A168-41466AB19092}.Release|x86.Build.0 = Release|Win32
	EndGlobalSection
	GlobalSection(SolutionProperties) = preSolution
		HideSolutionNode = FALSE
	EndGlobalSection
	GlobalSection(ExtensibilityGlobals) = postSolution
		SolutionGuid = {ADEB9AA4-636C-4095-ABA3-32B57194C3D2}
	EndGlobalSection
EndGlobal
